
Microsoft Visual Studio Solution File, Format Version 12.00
# Visual Studio Version 17
VisualStudioVersion = 17.1.32228.430
MinimumVisualStudioVersion = 10.0.40219.1
Project("{9A19103F-16F7-4668-BE54-9A1E7A4F7556}") = "MusicEvents", "MusicEvents\MusicEvents.csproj", "{F8439AFC-FB9E-4479-84A5-70B9A6C8B42B}"
EndProject
Global
	GlobalSection(SolutionConfigurationPlatforms) = preSolution
		Debug|Any CPU = Debug|Any CPU
		Release|Any CPU = Release|Any CPU
	EndGlobalSection
	GlobalSection(ProjectConfigurationPlatforms) = postSolution
		{F8439AFC-FB9E-4479-84A5-70B9A6C8B42B}.Debug|Any CPU.ActiveCfg = Debug|Any CPU
		{F8439AFC-FB9E-4479-84A5-70B9A6C8B42B}.Debug|Any CPU.Build.0 = Debug|Any CPU
		{F8439AFC-FB9E-4479-84A5-70B9A6C8B42B}.Release|Any CPU.ActiveCfg = Release|Any CPU
		{F8439AFC-FB9E-4479-84A5-70B9A6C8B42B}.Release|Any CPU.Build.0 = Release|Any CPU
	EndGlobalSection
	GlobalSection(SolutionProperties) = preSolution
		HideSolutionNode = FALSE
	EndGlobalSection
	GlobalSection(ExtensibilityGlobals) = postSolution
		SolutionGuid = {907D2BFC-9127-4E30-BCA5-4775FB5277AB}
	EndGlobalSection
EndGlobal
